
Microsoft Visual Studio Solution File, Format Version 12.00
# Visual Studio Version 16
VisualStudioVersion = 16.0.28917.181
MinimumVisualStudioVersion = 10.0.40219.1
Project("{9A19103F-16F7-4668-BE54-9A1E7A4F7556}") = "Assistant.Core", "Assistant.Core\Assistant.Core.csproj", "{83264DEA-66FC-45EB-BFC0-95B9CE7BCD76}"
	ProjectSection(ProjectDependencies) = postProject
		{3E4D070F-40B5-47C3-90F9-917DB80F3794} = {3E4D070F-40B5-47C3-90F9-917DB80F3794}
		{1DD08E73-9218-426D-9C75-874A7D2CF12B} = {1DD08E73-9218-426D-9C75-874A7D2CF12B}
	EndProjectSection
EndProject
Project("{9A19103F-16F7-4668-BE54-9A1E7A4F7556}") = "Assistant.Updater", "Assistant.Updater\Assistant.Updater.csproj", "{271C066A-F852-4AD5-921A-48C0AB4DF1CB}"
	ProjectSection(ProjectDependencies) = postProject
		{83264DEA-66FC-45EB-BFC0-95B9CE7BCD76} = {83264DEA-66FC-45EB-BFC0-95B9CE7BCD76}
	EndProjectSection
EndProject
Project("{9A19103F-16F7-4668-BE54-9A1E7A4F7556}") = "Assistant.Restarter", "Assistant.Restarter\Assistant.Restarter.csproj", "{AF331F5B-62CB-4593-9CBB-F5C6583A714C}"
	ProjectSection(ProjectDependencies) = postProject
		{83264DEA-66FC-45EB-BFC0-95B9CE7BCD76} = {83264DEA-66FC-45EB-BFC0-95B9CE7BCD76}
	EndProjectSection
EndProject
Project("{2150E333-8FDC-42A3-9474-1A3956D46DE8}") = "Solution Items", "Solution Items", "{9F6509F6-C6F4-4A59-AA5D-7A2343FB5098}"
	ProjectSection(SolutionItems) = preProject
		.editorconfig = .editorconfig
		Deploy.props = Deploy.props
		Directory.Build.props = Directory.Build.props
	EndProjectSection
EndProject
Project("{9A19103F-16F7-4668-BE54-9A1E7A4F7556}") = "Assistant.Pushbullet", "Assistant.Pushbullet\Assistant.Pushbullet.csproj", "{DD6B9B00-0378-4981-B90F-A24380055204}"
EndProject
Project("{9A19103F-16F7-4668-BE54-9A1E7A4F7556}") = "Assistant.Security", "Assistant.Security\Assistant.Security.csproj", "{2CB11DDF-E6AB-482C-9251-A6F11C83C85A}"
EndProject
Project("{9A19103F-16F7-4668-BE54-9A1E7A4F7556}") = "Assistant.Weather", "Assistant.Weather\Assistant.Weather.csproj", "{DD019348-5DC1-46D2-8BB6-61D4471ED48E}"
EndProject
Project("{9A19103F-16F7-4668-BE54-9A1E7A4F7556}") = "Assistant.Modules", "Assistant.Modules\Assistant.Modules.csproj", "{B9AF41A3-839F-42F4-8629-0F9380008B63}"
EndProject
Project("{9A19103F-16F7-4668-BE54-9A1E7A4F7556}") = "Assistant.Logging", "Assistant.Logging\Assistant.Logging.csproj", "{71F06950-0B8D-4380-A625-373AA2CF6DEF}"
EndProject
Project("{9A19103F-16F7-4668-BE54-9A1E7A4F7556}") = "Assistant.Sound", "Assistant.Sound\Assistant.Sound.csproj", "{448393B0-1B9E-4F4A-86FE-C79BAD35F464}"
EndProject
Project("{9A19103F-16F7-4668-BE54-9A1E7A4F7556}") = "Assistant.Gpio", "Assistant.Gpio\Assistant.Gpio.csproj", "{BAD1303B-81AC-4F3C-87C1-29ED942BF71D}"
EndProject
Project("{9A19103F-16F7-4668-BE54-9A1E7A4F7556}") = "Assistant.Extensions", "Assistant.Extensions\Assistant.Extensions.csproj", "{D7E352FA-1162-46F9-8C17-11C0ACCC5FD1}"
EndProject
Project("{9A19103F-16F7-4668-BE54-9A1E7A4F7556}") = "Assistant.Morse", "Assistant.Morse\Assistant.Morse.csproj", "{3E4D070F-40B5-47C3-90F9-917DB80F3794}"
EndProject
Project("{9A19103F-16F7-4668-BE54-9A1E7A4F7556}") = "Assistant.Location", "Assistant.Location\Assistant.Location.csproj", "{1DD08E73-9218-426D-9C75-874A7D2CF12B}"
EndProject
Project("{9A19103F-16F7-4668-BE54-9A1E7A4F7556}") = "Assistant.Rest", "Assistant.Rest\Assistant.Rest.csproj", "{7150968E-996D-4029-8D76-B9169FC16E7D}"
EndProject
Project("{9A19103F-16F7-4668-BE54-9A1E7A4F7556}") = "Assistant.Web", "Assistant.Web\Assistant.Web.csproj", "{BB950E29-AEA6-4709-B27F-A5C7A8C52534}"
EndProject
Project("{FAE04EC0-301F-11D3-BF4B-00C04F79EFBC}") = "Assistant.YoutubeHandler", "Assistant.YoutubeHandler\Assistant.YoutubeHandler.csproj", "{658EE31C-F407-4444-B3B6-729678459A87}"
EndProject
Global
	GlobalSection(SolutionConfigurationPlatforms) = preSolution
		Debug|Any CPU = Debug|Any CPU
		Release|Any CPU = Release|Any CPU
	EndGlobalSection
	GlobalSection(ProjectConfigurationPlatforms) = postSolution
		{83264DEA-66FC-45EB-BFC0-95B9CE7BCD76}.Debug|Any CPU.ActiveCfg = Debug|Any CPU
		{83264DEA-66FC-45EB-BFC0-95B9CE7BCD76}.Debug|Any CPU.Build.0 = Debug|Any CPU
		{83264DEA-66FC-45EB-BFC0-95B9CE7BCD76}.Release|Any CPU.ActiveCfg = Release|Any CPU
		{83264DEA-66FC-45EB-BFC0-95B9CE7BCD76}.Release|Any CPU.Build.0 = Release|Any CPU
		{271C066A-F852-4AD5-921A-48C0AB4DF1CB}.Debug|Any CPU.ActiveCfg = Debug|Any CPU
		{271C066A-F852-4AD5-921A-48C0AB4DF1CB}.Debug|Any CPU.Build.0 = Debug|Any CPU
		{271C066A-F852-4AD5-921A-48C0AB4DF1CB}.Release|Any CPU.ActiveCfg = Release|Any CPU
		{271C066A-F852-4AD5-921A-48C0AB4DF1CB}.Release|Any CPU.Build.0 = Release|Any CPU
		{AF331F5B-62CB-4593-9CBB-F5C6583A714C}.Debug|Any CPU.ActiveCfg = Debug|Any CPU
		{AF331F5B-62CB-4593-9CBB-F5C6583A714C}.Debug|Any CPU.Build.0 = Debug|Any CPU
		{AF331F5B-62CB-4593-9CBB-F5C6583A714C}.Release|Any CPU.ActiveCfg = Release|Any CPU
		{AF331F5B-62CB-4593-9CBB-F5C6583A714C}.Release|Any CPU.Build.0 = Release|Any CPU
		{DD6B9B00-0378-4981-B90F-A24380055204}.Debug|Any CPU.ActiveCfg = Debug|Any CPU
		{DD6B9B00-0378-4981-B90F-A24380055204}.Debug|Any CPU.Build.0 = Debug|Any CPU
		{DD6B9B00-0378-4981-B90F-A24380055204}.Release|Any CPU.ActiveCfg = Release|Any CPU
		{DD6B9B00-0378-4981-B90F-A24380055204}.Release|Any CPU.Build.0 = Release|Any CPU
		{2CB11DDF-E6AB-482C-9251-A6F11C83C85A}.Debug|Any CPU.ActiveCfg = Debug|Any CPU
		{2CB11DDF-E6AB-482C-9251-A6F11C83C85A}.Debug|Any CPU.Build.0 = Debug|Any CPU
		{2CB11DDF-E6AB-482C-9251-A6F11C83C85A}.Release|Any CPU.ActiveCfg = Release|Any CPU
		{2CB11DDF-E6AB-482C-9251-A6F11C83C85A}.Release|Any CPU.Build.0 = Release|Any CPU
		{DD019348-5DC1-46D2-8BB6-61D4471ED48E}.Debug|Any CPU.ActiveCfg = Debug|Any CPU
		{DD019348-5DC1-46D2-8BB6-61D4471ED48E}.Debug|Any CPU.Build.0 = Debug|Any CPU
		{DD019348-5DC1-46D2-8BB6-61D4471ED48E}.Release|Any CPU.ActiveCfg = Release|Any CPU
		{DD019348-5DC1-46D2-8BB6-61D4471ED48E}.Release|Any CPU.Build.0 = Release|Any CPU
		{B9AF41A3-839F-42F4-8629-0F9380008B63}.Debug|Any CPU.ActiveCfg = Debug|Any CPU
		{B9AF41A3-839F-42F4-8629-0F9380008B63}.Debug|Any CPU.Build.0 = Debug|Any CPU
		{B9AF41A3-839F-42F4-8629-0F9380008B63}.Release|Any CPU.ActiveCfg = Release|Any CPU
		{B9AF41A3-839F-42F4-8629-0F9380008B63}.Release|Any CPU.Build.0 = Release|Any CPU
		{71F06950-0B8D-4380-A625-373AA2CF6DEF}.Debug|Any CPU.ActiveCfg = Debug|Any CPU
		{71F06950-0B8D-4380-A625-373AA2CF6DEF}.Debug|Any CPU.Build.0 = Debug|Any CPU
		{71F06950-0B8D-4380-A625-373AA2CF6DEF}.Release|Any CPU.ActiveCfg = Release|Any CPU
		{71F06950-0B8D-4380-A625-373AA2CF6DEF}.Release|Any CPU.Build.0 = Release|Any CPU
		{448393B0-1B9E-4F4A-86FE-C79BAD35F464}.Debug|Any CPU.ActiveCfg = Debug|Any CPU
		{448393B0-1B9E-4F4A-86FE-C79BAD35F464}.Debug|Any CPU.Build.0 = Debug|Any CPU
		{448393B0-1B9E-4F4A-86FE-C79BAD35F464}.Release|Any CPU.ActiveCfg = Release|Any CPU
		{448393B0-1B9E-4F4A-86FE-C79BAD35F464}.Release|Any CPU.Build.0 = Release|Any CPU
		{BAD1303B-81AC-4F3C-87C1-29ED942BF71D}.Debug|Any CPU.ActiveCfg = Debug|Any CPU
		{BAD1303B-81AC-4F3C-87C1-29ED942BF71D}.Debug|Any CPU.Build.0 = Debug|Any CPU
		{BAD1303B-81AC-4F3C-87C1-29ED942BF71D}.Release|Any CPU.ActiveCfg = Release|Any CPU
		{BAD1303B-81AC-4F3C-87C1-29ED942BF71D}.Release|Any CPU.Build.0 = Release|Any CPU
		{D7E352FA-1162-46F9-8C17-11C0ACCC5FD1}.Debug|Any CPU.ActiveCfg = Debug|Any CPU
		{D7E352FA-1162-46F9-8C17-11C0ACCC5FD1}.Debug|Any CPU.Build.0 = Debug|Any CPU
		{D7E352FA-1162-46F9-8C17-11C0ACCC5FD1}.Release|Any CPU.ActiveCfg = Release|Any CPU
		{D7E352FA-1162-46F9-8C17-11C0ACCC5FD1}.Release|Any CPU.Build.0 = Release|Any CPU
		{3E4D070F-40B5-47C3-90F9-917DB80F3794}.Debug|Any CPU.ActiveCfg = Debug|Any CPU
		{3E4D070F-40B5-47C3-90F9-917DB80F3794}.Debug|Any CPU.Build.0 = Debug|Any CPU
		{3E4D070F-40B5-47C3-90F9-917DB80F3794}.Release|Any CPU.ActiveCfg = Release|Any CPU
		{3E4D070F-40B5-47C3-90F9-917DB80F3794}.Release|Any CPU.Build.0 = Release|Any CPU
		{1DD08E73-9218-426D-9C75-874A7D2CF12B}.Debug|Any CPU.ActiveCfg = Debug|Any CPU
		{1DD08E73-9218-426D-9C75-874A7D2CF12B}.Debug|Any CPU.Build.0 = Debug|Any CPU
		{1DD08E73-9218-426D-9C75-874A7D2CF12B}.Release|Any CPU.ActiveCfg = Release|Any CPU
		{1DD08E73-9218-426D-9C75-874A7D2CF12B}.Release|Any CPU.Build.0 = Release|Any CPU
		{7150968E-996D-4029-8D76-B9169FC16E7D}.Debug|Any CPU.ActiveCfg = Debug|Any CPU
		{7150968E-996D-4029-8D76-B9169FC16E7D}.Debug|Any CPU.Build.0 = Debug|Any CPU
		{7150968E-996D-4029-8D76-B9169FC16E7D}.Release|Any CPU.ActiveCfg = Release|Any CPU
		{7150968E-996D-4029-8D76-B9169FC16E7D}.Release|Any CPU.Build.0 = Release|Any CPU
		{BB950E29-AEA6-4709-B27F-A5C7A8C52534}.Debug|Any CPU.ActiveCfg = Debug|Any CPU
		{BB950E29-AEA6-4709-B27F-A5C7A8C52534}.Debug|Any CPU.Build.0 = Debug|Any CPU
		{BB950E29-AEA6-4709-B27F-A5C7A8C52534}.Release|Any CPU.ActiveCfg = Release|Any CPU
		{BB950E29-AEA6-4709-B27F-A5C7A8C52534}.Release|Any CPU.Build.0 = Release|Any CPU
		{658EE31C-F407-4444-B3B6-729678459A87}.Debug|Any CPU.ActiveCfg = Debug|Any CPU
		{658EE31C-F407-4444-B3B6-729678459A87}.Debug|Any CPU.Build.0 = Debug|Any CPU
		{658EE31C-F407-4444-B3B6-729678459A87}.Release|Any CPU.ActiveCfg = Release|Any CPU
		{658EE31C-F407-4444-B3B6-729678459A87}.Release|Any CPU.Build.0 = Release|Any CPU
	EndGlobalSection
	GlobalSection(SolutionProperties) = preSolution
		HideSolutionNode = FALSE
	EndGlobalSection
	GlobalSection(ExtensibilityGlobals) = postSolution
		SolutionGuid = {B4B70CA7-42D0-4D25-94FA-0C154FBEAC19}
	EndGlobalSection
EndGlobal
